<Solution>
  <Folder Name="/BuildingBlocks/">
    <Project Path="BuildingBlocks/Tooba.BuildingBlocks/Tooba.BuildingBlocks.csproj" />
    <Project Path="BuildingBlocks/Tooba.BuildingBlocks.Tests/Tooba.BuildingBlocks.Tests.csproj" />
    <Project Path="BuildingBlocks/Tooba.Persistence/Tooba.Persistence.csproj" />
  </Folder>
  <Folder Name="/Host/">
    <Project Path="Host/Tooba.Host/Tooba.Host.csproj" />
    <Project Path="Host/Tooba.Host.Tests/Tooba.Host.Tests.csproj" />
    <Project Path="Host/Tooba.MigrationRunner/Tooba.MigrationRunner.csproj" />
    <Project Path="Host/Tooba.MigrationRunner.Tests/Tooba.MigrationRunner.Tests.csproj" />
  </Folder>
  <Folder Name="/Modules/">
    <Project Path="Modules/Tooba.ModuleContracts/Tooba.ModuleContracts.csproj" />
    <Project Path="Modules/PlatformProbe/Tooba.PlatformProbe.Infrastructure/Tooba.PlatformProbe.Infrastructure.csproj" />
    <Project Path="Modules/Identity/Tooba.Identity.Domain/Tooba.Identity.Domain.csproj" />
    <Project Path="Modules/Identity/Tooba.Identity.Application/Tooba.Identity.Application.csproj" />
    <Project Path="Modules/Identity/Tooba.Identity.Infrastructure/Tooba.Identity.Infrastructure.csproj" />
    <Project Path="Modules/Party/Tooba.Party.Domain/Tooba.Party.Domain.csproj" />
    <Project Path="Modules/Party/Tooba.Party.Contracts/Tooba.Party.Contracts.csproj" />
    <Project Path="Modules/Party/Tooba.Party.Application/Tooba.Party.Application.csproj" />
    <Project Path="Modules/Party/Tooba.Party.Infrastructure/Tooba.Party.Infrastructure.csproj" />
    <Project Path="Modules/Catalog/Tooba.Catalog.Domain/Tooba.Catalog.Domain.csproj" />
    <Project Path="Modules/Catalog/Tooba.Catalog.Contracts/Tooba.Catalog.Contracts.csproj" />
    <Project Path="Modules/Catalog/Tooba.Catalog.Application/Tooba.Catalog.Application.csproj" />
    <Project Path="Modules/Catalog/Tooba.Catalog.Infrastructure/Tooba.Catalog.Infrastructure.csproj" />
    <Project Path="Modules/Localization/Tooba.Localization.Contracts/Tooba.Localization.Contracts.csproj" />
    <Project Path="Modules/Localization/Tooba.Localization.Domain/Tooba.Localization.Domain.csproj" />
    <Project Path="Modules/Localization/Tooba.Localization.Application/Tooba.Localization.Application.csproj" />
    <Project Path="Modules/Localization/Tooba.Localization.Infrastructure/Tooba.Localization.Infrastructure.csproj" />
    <Project Path="Modules/AccessControl/Tooba.AccessControl.Domain/Tooba.AccessControl.Domain.csproj" />
    <Project Path="Modules/AccessControl/Tooba.AccessControl.Application/Tooba.AccessControl.Application.csproj" />
    <Project Path="Modules/AccessControl/Tooba.AccessControl.Infrastructure/Tooba.AccessControl.Infrastructure.csproj" />
    <Project Path="Modules/Wishlist/Tooba.Wishlist.Domain/Tooba.Wishlist.Domain.csproj" />
    <Project Path="Modules/Wishlist/Tooba.Wishlist.Application/Tooba.Wishlist.Application.csproj" />
    <Project Path="Modules/Wishlist/Tooba.Wishlist.Infrastructure/Tooba.Wishlist.Infrastructure.csproj" />
    <Project Path="Modules/AddressBook/Tooba.AddressBook.Domain/Tooba.AddressBook.Domain.csproj" />
    <Project Path="Modules/AddressBook/Tooba.AddressBook.Application/Tooba.AddressBook.Application.csproj" />
    <Project Path="Modules/AddressBook/Tooba.AddressBook.Infrastructure/Tooba.AddressBook.Infrastructure.csproj" />
    <Project Path="Modules/CustomerProfile/Tooba.CustomerProfile.Domain/Tooba.CustomerProfile.Domain.csproj" />
    <Project Path="Modules/CustomerProfile/Tooba.CustomerProfile.Application/Tooba.CustomerProfile.Application.csproj" />
    <Project Path="Modules/CustomerProfile/Tooba.CustomerProfile.Infrastructure/Tooba.CustomerProfile.Infrastructure.csproj" />
    <Project Path="Modules/UserPreference/Tooba.UserPreference.Domain/Tooba.UserPreference.Domain.csproj" />
    <Project Path="Modules/UserPreference/Tooba.UserPreference.Application/Tooba.UserPreference.Application.csproj" />
    <Project Path="Modules/UserPreference/Tooba.UserPreference.Infrastructure/Tooba.UserPreference.Infrastructure.csproj" />
    <Project Path="Modules/OperatorProfile/Tooba.OperatorProfile.Domain/Tooba.OperatorProfile.Domain.csproj" />
    <Project Path="Modules/OperatorProfile/Tooba.OperatorProfile.Application/Tooba.OperatorProfile.Application.csproj" />
    <Project Path="Modules/OperatorProfile/Tooba.OperatorProfile.Infrastructure/Tooba.OperatorProfile.Infrastructure.csproj" />
    <Project Path="Modules/ProductQnA/Tooba.ProductQnA.Domain/Tooba.ProductQnA.Domain.csproj" />
    <Project Path="Modules/ProductQnA/Tooba.ProductQnA.Application/Tooba.ProductQnA.Application.csproj" />
    <Project Path="Modules/ProductQnA/Tooba.ProductQnA.Infrastructure/Tooba.ProductQnA.Infrastructure.csproj" />
    <Project Path="Modules/BulkInquiry/Tooba.BulkInquiry.Domain/Tooba.BulkInquiry.Domain.csproj" />
    <Project Path="Modules/BulkInquiry/Tooba.BulkInquiry.Application/Tooba.BulkInquiry.Application.csproj" />
    <Project Path="Modules/BulkInquiry/Tooba.BulkInquiry.Infrastructure/Tooba.BulkInquiry.Infrastructure.csproj" />
    <Project Path="Modules/Content/Tooba.Content.Domain/Tooba.Content.Domain.csproj" />
    <Project Path="Modules/Content/Tooba.Content.Application/Tooba.Content.Application.csproj" />
    <Project Path="Modules/Content/Tooba.Content.Infrastructure/Tooba.Content.Infrastructure.csproj" />
    <Project Path="Modules/PageComposition/Tooba.PageComposition.Domain/Tooba.PageComposition.Domain.csproj" />
    <Project Path="Modules/PageComposition/Tooba.PageComposition.Application/Tooba.PageComposition.Application.csproj" />
    <Project Path="Modules/PageComposition/Tooba.PageComposition.Infrastructure/Tooba.PageComposition.Infrastructure.csproj" />
    <Project Path="Modules/Story/Tooba.Story.Domain/Tooba.Story.Domain.csproj" />
    <Project Path="Modules/Story/Tooba.Story.Application/Tooba.Story.Application.csproj" />
    <Project Path="Modules/Story/Tooba.Story.Infrastructure/Tooba.Story.Infrastructure.csproj" />
  </Folder>
  <Folder Name="/Modules/Offer/">
    <Project Path="Modules/Offer/Tooba.Offer.Application/Tooba.Offer.Application.csproj" />
    <Project Path="Modules/Offer/Tooba.Offer.Contracts/Tooba.Offer.Contracts.csproj" />
    <Project Path="Modules/Offer/Tooba.Offer.Domain/Tooba.Offer.Domain.csproj" />
    <Project Path="Modules/Offer/Tooba.Offer.Endpoints/Tooba.Offer.Endpoints.csproj" />
    <Project Path="Modules/Offer/Tooba.Offer.Infrastructure/Tooba.Offer.Infrastructure.csproj" />
    <Project Path="Modules/Offer/Tooba.Offer.Tests/Tooba.Offer.Tests.csproj" />
  </Folder>
  <Folder Name="/Modules/Pricing/">
    <Project Path="Modules/Pricing/Tooba.Pricing.Application/Tooba.Pricing.Application.csproj" />
    <Project Path="Modules/Pricing/Tooba.Pricing.Contracts/Tooba.Pricing.Contracts.csproj" />
    <Project Path="Modules/Pricing/Tooba.Pricing.Domain/Tooba.Pricing.Domain.csproj" />
    <Project Path="Modules/Pricing/Tooba.Pricing.Endpoints/Tooba.Pricing.Endpoints.csproj" />
    <Project Path="Modules/Pricing/Tooba.Pricing.Infrastructure/Tooba.Pricing.Infrastructure.csproj" />
    <Project Path="Modules/Pricing/Tooba.Pricing.Tests/Tooba.Pricing.Tests.csproj" />
  </Folder>
  <Folder Name="/Modules/Tax/">
    <Project Path="Modules/Tax/Tooba.Tax.Application/Tooba.Tax.Application.csproj" />
    <Project Path="Modules/Tax/Tooba.Tax.Contracts/Tooba.Tax.Contracts.csproj" />
    <Project Path="Modules/Tax/Tooba.Tax.Domain/Tooba.Tax.Domain.csproj" />
    <Project Path="Modules/Tax/Tooba.Tax.Endpoints/Tooba.Tax.Endpoints.csproj" />
    <Project Path="Modules/Tax/Tooba.Tax.Infrastructure/Tooba.Tax.Infrastructure.csproj" />
    <Project Path="Modules/Tax/Tooba.Tax.Tests/Tooba.Tax.Tests.csproj" />
  </Folder>
  <Folder Name="/Modules/Order/">
    <Project Path="Modules/Order/Tooba.Order.Domain/Tooba.Order.Domain.csproj" />
    <Project Path="Modules/Order/Tooba.Order.Contracts/Tooba.Order.Contracts.csproj" />
    <Project Path="Modules/Order/Tooba.Order.Application/Tooba.Order.Application.csproj" />
    <Project Path="Modules/Order/Tooba.Order.Endpoints/Tooba.Order.Endpoints.csproj" />
    <Project Path="Modules/Order/Tooba.Order.Infrastructure/Tooba.Order.Infrastructure.csproj" />
  </Folder>
  <Folder Name="/Modules/Inventory/">
    <Project Path="Modules/Inventory/Tooba.Inventory.Domain/Tooba.Inventory.Domain.csproj" />
    <Project Path="Modules/Inventory/Tooba.Inventory.Contracts/Tooba.Inventory.Contracts.csproj" />
    <Project Path="Modules/Inventory/Tooba.Inventory.Application/Tooba.Inventory.Application.csproj" />
    <Project Path="Modules/Inventory/Tooba.Inventory.Infrastructure/Tooba.Inventory.Infrastructure.csproj" />
    <Project Path="Modules/Inventory/Tooba.Inventory.Tests/Tooba.Inventory.Tests.csproj" />
  </Folder>
  <Folder Name="/Modules/Cart/">
    <Project Path="Modules/Cart/Tooba.Cart.Domain/Tooba.Cart.Domain.csproj" />
    <Project Path="Modules/Cart/Tooba.Cart.Contracts/Tooba.Cart.Contracts.csproj" />
    <Project Path="Modules/Cart/Tooba.Cart.Application/Tooba.Cart.Application.csproj" />
    <Project Path="Modules/Cart/Tooba.Cart.Infrastructure/Tooba.Cart.Infrastructure.csproj" />
    <Project Path="Modules/Cart/Tooba.Cart.Endpoints/Tooba.Cart.Endpoints.csproj" />
    <Project Path="Modules/Cart/Tooba.Cart.Tests/Tooba.Cart.Tests.csproj" />
  </Folder>
  <Folder Name="/Modules/Promotion/">
    <Project Path="Modules/Promotion/Tooba.Promotion.Domain/Tooba.Promotion.Domain.csproj" />
    <Project Path="Modules/Promotion/Tooba.Promotion.Contracts/Tooba.Promotion.Contracts.csproj" />
    <Project Path="Modules/Promotion/Tooba.Promotion.Application/Tooba.Promotion.Application.csproj" />
    <Project Path="Modules/Promotion/Tooba.Promotion.Infrastructure/Tooba.Promotion.Infrastructure.csproj" />
    <Project Path="Modules/Promotion/Tooba.Promotion.Endpoints/Tooba.Promotion.Endpoints.csproj" />
    <Project Path="Modules/Promotion/Tooba.Promotion.Tests/Tooba.Promotion.Tests.csproj" />
  </Folder>
  <Folder Name="/Modules/Payment/">
    <Project Path="Modules/Payment/Tooba.Payment.Domain/Tooba.Payment.Domain.csproj" />
    <Project Path="Modules/Payment/Tooba.Payment.Contracts/Tooba.Payment.Contracts.csproj" />
    <Project Path="Modules/Payment/Tooba.Payment.Application/Tooba.Payment.Application.csproj" />
    <Project Path="Modules/Payment/Tooba.Payment.Infrastructure/Tooba.Payment.Infrastructure.csproj" />
    <Project Path="Modules/Payment/Tooba.Payment.Endpoints/Tooba.Payment.Endpoints.csproj" />
    <Project Path="Modules/Payment/Tooba.Payment.Tests/Tooba.Payment.Tests.csproj" />
  </Folder>
  <Folder Name="/Modules/Wallet/">
    <Project Path="Modules/Wallet/Tooba.Wallet.Domain/Tooba.Wallet.Domain.csproj" />
    <Project Path="Modules/Wallet/Tooba.Wallet.Application/Tooba.Wallet.Application.csproj" />
    <Project Path="Modules/Wallet/Tooba.Wallet.Contracts/Tooba.Wallet.Contracts.csproj" />
    <Project Path="Modules/Wallet/Tooba.Wallet.Infrastructure/Tooba.Wallet.Infrastructure.csproj" />
    <Project Path="Modules/Wallet/Tooba.Wallet.Endpoints/Tooba.Wallet.Endpoints.csproj" />
    <Project Path="Modules/Wallet/Tooba.Wallet.Tests/Tooba.Wallet.Tests.csproj" />
  </Folder>
  <Folder Name="/Modules/Fulfillment/">
    <Project Path="Modules/Fulfillment/Tooba.Fulfillment.Domain/Tooba.Fulfillment.Domain.csproj" />
    <Project Path="Modules/Fulfillment/Tooba.Fulfillment.Contracts/Tooba.Fulfillment.Contracts.csproj" />
    <Project Path="Modules/Fulfillment/Tooba.Fulfillment.Application/Tooba.Fulfillment.Application.csproj" />
    <Project Path="Modules/Fulfillment/Tooba.Fulfillment.Infrastructure/Tooba.Fulfillment.Infrastructure.csproj" />
    <Project Path="Modules/Fulfillment/Tooba.Fulfillment.Endpoints/Tooba.Fulfillment.Endpoints.csproj" />
    <Project Path="Modules/Fulfillment/Tooba.Fulfillment.Tests/Tooba.Fulfillment.Tests.csproj" />
  </Folder>
  <Folder Name="/Modules/Returns/">
    <Project Path="Modules/Returns/Tooba.Returns.Domain/Tooba.Returns.Domain.csproj" />
    <Project Path="Modules/Returns/Tooba.Returns.Contracts/Tooba.Returns.Contracts.csproj" />
    <Project Path="Modules/Returns/Tooba.Returns.Application/Tooba.Returns.Application.csproj" />
    <Project Path="Modules/Returns/Tooba.Returns.Infrastructure/Tooba.Returns.Infrastructure.csproj" />
    <Project Path="Modules/Returns/Tooba.Returns.Endpoints/Tooba.Returns.Endpoints.csproj" />
    <Project Path="Modules/Returns/Tooba.Returns.Tests/Tooba.Returns.Tests.csproj" />
  </Folder>
  <Folder Name="/Modules/Settlement/">
    <Project Path="Modules/Settlement/Tooba.Settlement.Domain/Tooba.Settlement.Domain.csproj" />
    <Project Path="Modules/Settlement/Tooba.Settlement.Application/Tooba.Settlement.Application.csproj" />
    <Project Path="Modules/Settlement/Tooba.Settlement.Infrastructure/Tooba.Settlement.Infrastructure.csproj" />
    <Project Path="Modules/Settlement/Tooba.Settlement.Endpoints/Tooba.Settlement.Endpoints.csproj" />
    <Project Path="Modules/Settlement/Tooba.Settlement.Tests/Tooba.Settlement.Tests.csproj" />
  </Folder>
  <Folder Name="/Modules/Notification/">
    <Project Path="Modules/Notification/Tooba.Notification.Contracts/Tooba.Notification.Contracts.csproj" />
    <Project Path="Modules/Notification/Tooba.Notification.Domain/Tooba.Notification.Domain.csproj" />
    <Project Path="Modules/Notification/Tooba.Notification.Application/Tooba.Notification.Application.csproj" />
    <Project Path="Modules/Notification/Tooba.Notification.Infrastructure/Tooba.Notification.Infrastructure.csproj" />
    <Project Path="Modules/Notification/Tooba.Notification.Endpoints/Tooba.Notification.Endpoints.csproj" />
    <Project Path="Modules/Notification/Tooba.Notification.Tests/Tooba.Notification.Tests.csproj" />
  </Folder>
  <Folder Name="/Modules/Support/">
    <Project Path="Modules/Support/Tooba.Support.Domain/Tooba.Support.Domain.csproj" />
    <Project Path="Modules/Support/Tooba.Support.Application/Tooba.Support.Application.csproj" />
    <Project Path="Modules/Support/Tooba.Support.Infrastructure/Tooba.Support.Infrastructure.csproj" />
    <Project Path="Modules/Support/Tooba.Support.Endpoints/Tooba.Support.Endpoints.csproj" />
    <Project Path="Modules/Support/Tooba.Support.Tests/Tooba.Support.Tests.csproj" />
  </Folder>
</Solution>

