<Solution>
  <Folder Name="/BuildingBlocks/">
    <Project Path="BuildingBlocks/Tooba.BuildingBlocks/Tooba.BuildingBlocks.csproj" />
    <Project Path="BuildingBlocks/Tooba.Persistence/Tooba.Persistence.csproj" />
  </Folder>
  <Folder Name="/Host/">
    <Project Path="Host/Tooba.Host/Tooba.Host.csproj" />
    <Project Path="Host/Tooba.Host.Tests/Tooba.Host.Tests.csproj" />
  </Folder>
  <Folder Name="/Modules/">
    <Project Path="Modules/Tooba.ModuleContracts/Tooba.ModuleContracts.csproj" />
    <Project Path="Modules/PlatformProbe/Tooba.PlatformProbe.Infrastructure/Tooba.PlatformProbe.Infrastructure.csproj" />
    <Project Path="Modules/Identity/Tooba.Identity.Domain/Tooba.Identity.Domain.csproj" />
    <Project Path="Modules/Identity/Tooba.Identity.Application/Tooba.Identity.Application.csproj" />
    <Project Path="Modules/Identity/Tooba.Identity.Infrastructure/Tooba.Identity.Infrastructure.csproj" />
    <Project Path="Modules/Party/Tooba.Party.Domain/Tooba.Party.Domain.csproj" />
    <Project Path="Modules/Party/Tooba.Party.Application/Tooba.Party.Application.csproj" />
    <Project Path="Modules/Party/Tooba.Party.Infrastructure/Tooba.Party.Infrastructure.csproj" />
    <Project Path="Modules/Catalog/Tooba.Catalog.Domain/Tooba.Catalog.Domain.csproj" />
    <Project Path="Modules/Catalog/Tooba.Catalog.Application/Tooba.Catalog.Application.csproj" />
    <Project Path="Modules/Catalog/Tooba.Catalog.Infrastructure/Tooba.Catalog.Infrastructure.csproj" />
    <Project Path="Modules/Offer/Tooba.Offer.Domain/Tooba.Offer.Domain.csproj" />
    <Project Path="Modules/Offer/Tooba.Offer.Application/Tooba.Offer.Application.csproj" />
    <Project Path="Modules/Offer/Tooba.Offer.Infrastructure/Tooba.Offer.Infrastructure.csproj" />
    <Project Path="Modules/Pricing/Tooba.Pricing.Domain/Tooba.Pricing.Domain.csproj" />
    <Project Path="Modules/Pricing/Tooba.Pricing.Application/Tooba.Pricing.Application.csproj" />
    <Project Path="Modules/Pricing/Tooba.Pricing.Infrastructure/Tooba.Pricing.Infrastructure.csproj" />
    <Project Path="Modules/Inventory/Tooba.Inventory.Domain/Tooba.Inventory.Domain.csproj" />
    <Project Path="Modules/Inventory/Tooba.Inventory.Application/Tooba.Inventory.Application.csproj" />
    <Project Path="Modules/Inventory/Tooba.Inventory.Infrastructure/Tooba.Inventory.Infrastructure.csproj" />
    <Project Path="Modules/Cart/Tooba.Cart.Domain/Tooba.Cart.Domain.csproj" />
    <Project Path="Modules/Cart/Tooba.Cart.Application/Tooba.Cart.Application.csproj" />
    <Project Path="Modules/Cart/Tooba.Cart.Infrastructure/Tooba.Cart.Infrastructure.csproj" />
    <Project Path="Modules/Order/Tooba.Order.Domain/Tooba.Order.Domain.csproj" />
    <Project Path="Modules/Order/Tooba.Order.Application/Tooba.Order.Application.csproj" />
    <Project Path="Modules/Order/Tooba.Order.Infrastructure/Tooba.Order.Infrastructure.csproj" />
    <Project Path="Modules/Tax/Tooba.Tax.Domain/Tooba.Tax.Domain.csproj" />
    <Project Path="Modules/Tax/Tooba.Tax.Application/Tooba.Tax.Application.csproj" />
    <Project Path="Modules/Tax/Tooba.Tax.Infrastructure/Tooba.Tax.Infrastructure.csproj" />
    <Project Path="Modules/Promotion/Tooba.Promotion.Domain/Tooba.Promotion.Domain.csproj" />
    <Project Path="Modules/Promotion/Tooba.Promotion.Application/Tooba.Promotion.Application.csproj" />
    <Project Path="Modules/Promotion/Tooba.Promotion.Infrastructure/Tooba.Promotion.Infrastructure.csproj" />
    <Project Path="Modules/Payment/Tooba.Payment.Domain/Tooba.Payment.Domain.csproj" />
    <Project Path="Modules/Payment/Tooba.Payment.Application/Tooba.Payment.Application.csproj" />
    <Project Path="Modules/Payment/Tooba.Payment.Infrastructure/Tooba.Payment.Infrastructure.csproj" />
    <Project Path="Modules/Wishlist/Tooba.Wishlist.Domain/Tooba.Wishlist.Domain.csproj" />
    <Project Path="Modules/Wishlist/Tooba.Wishlist.Application/Tooba.Wishlist.Application.csproj" />
    <Project Path="Modules/Wishlist/Tooba.Wishlist.Infrastructure/Tooba.Wishlist.Infrastructure.csproj" />
    <Project Path="Modules/AddressBook/Tooba.AddressBook.Domain/Tooba.AddressBook.Domain.csproj" />
    <Project Path="Modules/AddressBook/Tooba.AddressBook.Application/Tooba.AddressBook.Application.csproj" />
    <Project Path="Modules/AddressBook/Tooba.AddressBook.Infrastructure/Tooba.AddressBook.Infrastructure.csproj" />
    <Project Path="Modules/CustomerProfile/Tooba.CustomerProfile.Domain/Tooba.CustomerProfile.Domain.csproj" />
    <Project Path="Modules/CustomerProfile/Tooba.CustomerProfile.Application/Tooba.CustomerProfile.Application.csproj" />
    <Project Path="Modules/CustomerProfile/Tooba.CustomerProfile.Infrastructure/Tooba.CustomerProfile.Infrastructure.csproj" />
  </Folder>
</Solution>
